// !$*UTF8*$!
{
	archiveVersion = 1;
	classes = {
	};
	objectVersion = 46;
	objects = {

/* Begin PBXBuildFile section */
		313C21131BFB21B1000E71F2 /* CoreLocation.framework in Frameworks */ = {isa = PBXBuildFile; fileRef = 313C21121BFB21B1000E71F2 /* CoreLocation.framework */; };
		31CD3AC01BE9AE1A00950065 /* main.m in Sources */ = {isa = PBXBuildFile; fileRef = 31CD3ABF1BE9AE1A00950065 /* main.m */; settings = {COMPILER_FLAGS = "-fno-objc-arc"; }; };
		31D5FDAA1BE0797A0052B703 /* Foundation.framework in Frameworks */ = {isa = PBXBuildFile; fileRef = 31D5FDA91BE0797A0052B703 /* Foundation.framework */; settings = {ATTRIBUTES = (Required, ); }; };
		31D771C01C10FC9F009FDEAD /* Icon-60@2x.png in Resources */ = {isa = PBXBuildFile; fileRef = 31D771B81C10FC9F009FDEAD /* Icon-60@2x.png */; };
		31D771C11C10FC9F009FDEAD /* Icon-60@3x.png in Resources */ = {isa = PBXBuildFile; fileRef = 31D771B91C10FC9F009FDEAD /* Icon-60@3x.png */; };
		31D771C21C10FC9F009FDEAD /* Icon-Small-40.png in Resources */ = {isa = PBXBuildFile; fileRef = 31D771BA1C10FC9F009FDEAD /* Icon-Small-40.png */; };
		31D771C31C10FC9F009FDEAD /* Icon-Small-40@2x.png in Resources */ = {isa = PBXBuildFile; fileRef = 31D771BB1C10FC9F009FDEAD /* Icon-Small-40@2x.png */; };
		31D771C41C10FC9F009FDEAD /* Icon-Small.png in Resources */ = {isa = PBXBuildFile; fileRef = 31D771BC1C10FC9F009FDEAD /* Icon-Small.png */; };
		31D771C51C10FC9F009FDEAD /* Icon-Small@2x.png in Resources */ = {isa = PBXBuildFile; fileRef = 31D771BD1C10FC9F009FDEAD /* Icon-Small@2x.png */; };
		31D771C61C10FC9F009FDEAD /* Icon.png in Resources */ = {isa = PBXBuildFile; fileRef = 31D771BE1C10FC9F009FDEAD /* Icon.png */; };
		31D771C71C10FC9F009FDEAD /* Icon@2x.png in Resources */ = {isa = PBXBuildFile; fileRef = 31D771BF1C10FC9F009FDEAD /* Icon@2x.png */; };
		31FF573C1BE30C620086815E /* NSURLRequest+OAuth.m in Sources */ = {isa = PBXBuildFile; fileRef = 31FF57361BE30C620086815E /* NSURLRequest+OAuth.m */; settings = {COMPILER_FLAGS = "-fno-objc-arc"; }; };
		31FF573E1BE30C620086815E /* YPAPISample.m in Sources */ = {isa = PBXBuildFile; fileRef = 31FF573A1BE30C620086815E /* YPAPISample.m */; settings = {COMPILER_FLAGS = "-fno-objc-arc"; }; };
		31FF57831BE30CC10086815E /* OACall.m in Sources */ = {isa = PBXBuildFile; fileRef = 31FF576A1BE30CC10086815E /* OACall.m */; settings = {COMPILER_FLAGS = "-fno-objc-arc"; }; };
		31FF57841BE30CC10086815E /* OAConsumer.m in Sources */ = {isa = PBXBuildFile; fileRef = 31FF576C1BE30CC10086815E /* OAConsumer.m */; settings = {COMPILER_FLAGS = "-fno-objc-arc"; }; };
		31FF57851BE30CC10086815E /* OADataFetcher.m in Sources */ = {isa = PBXBuildFile; fileRef = 31FF576E1BE30CC10086815E /* OADataFetcher.m */; settings = {COMPILER_FLAGS = "-fno-objc-arc"; }; };
		31FF57861BE30CC10086815E /* OAHMAC_SHA1SignatureProvider.m in Sources */ = {isa = PBXBuildFile; fileRef = 31FF57701BE30CC10086815E /* OAHMAC_SHA1SignatureProvider.m */; settings = {COMPILER_FLAGS = "-fno-objc-arc"; }; };
		31FF57871BE30CC10086815E /* OAMutableURLRequest.m in Sources */ = {isa = PBXBuildFile; fileRef = 31FF57721BE30CC10086815E /* OAMutableURLRequest.m */; settings = {COMPILER_FLAGS = "-fno-objc-arc"; }; };
		31FF57881BE30CC10086815E /* OAPlaintextSignatureProvider.m in Sources */ = {isa = PBXBuildFile; fileRef = 31FF57741BE30CC10086815E /* OAPlaintextSignatureProvider.m */; settings = {COMPILER_FLAGS = "-fno-objc-arc"; }; };
		31FF57891BE30CC10086815E /* OAProblem.m in Sources */ = {isa = PBXBuildFile; fileRef = 31FF57761BE30CC10086815E /* OAProblem.m */; settings = {COMPILER_FLAGS = "-fno-objc-arc"; }; };
		31FF578A1BE30CC10086815E /* OARequestParameter.m in Sources */ = {isa = PBXBuildFile; fileRef = 31FF57781BE30CC10086815E /* OARequestParameter.m */; settings = {COMPILER_FLAGS = "-fno-objc-arc"; }; };
		31FF578B1BE30CC10086815E /* OAServiceTicket.m in Sources */ = {isa = PBXBuildFile; fileRef = 31FF577A1BE30CC10086815E /* OAServiceTicket.m */; settings = {COMPILER_FLAGS = "-fno-objc-arc"; }; };
		31FF578C1BE30CC10086815E /* OAToken.m in Sources */ = {isa = PBXBuildFile; fileRef = 31FF577D1BE30CC10086815E /* OAToken.m */; settings = {COMPILER_FLAGS = "-fno-objc-arc"; }; };
		31FF578D1BE30CC10086815E /* OATokenManager.m in Sources */ = {isa = PBXBuildFile; fileRef = 31FF577F1BE30CC10086815E /* OATokenManager.m */; settings = {COMPILER_FLAGS = "-fno-objc-arc"; }; };
		31FF579F1BE30D170086815E /* NSMutableURLRequest+Parameters.m in Sources */ = {isa = PBXBuildFile; fileRef = 31FF579A1BE30D170086815E /* NSMutableURLRequest+Parameters.m */; settings = {COMPILER_FLAGS = "-fno-objc-arc"; }; };
		31FF57A01BE30D170086815E /* NSString+URLEncoding.m in Sources */ = {isa = PBXBuildFile; fileRef = 31FF579C1BE30D170086815E /* NSString+URLEncoding.m */; settings = {COMPILER_FLAGS = "-fno-objc-arc"; }; };
		31FF57A11BE30D170086815E /* NSURL+Base.m in Sources */ = {isa = PBXBuildFile; fileRef = 31FF579E1BE30D170086815E /* NSURL+Base.m */; settings = {COMPILER_FLAGS = "-fno-objc-arc"; }; };
		31FF57A91BE30D400086815E /* Base64Transcoder.c in Sources */ = {isa = PBXBuildFile; fileRef = 31FF57A31BE30D400086815E /* Base64Transcoder.c */; settings = {COMPILER_FLAGS = "-fno-objc-arc"; }; };
		31FF57AA1BE30D400086815E /* hmac.c in Sources */ = {isa = PBXBuildFile; fileRef = 31FF57A51BE30D400086815E /* hmac.c */; settings = {COMPILER_FLAGS = "-fno-objc-arc"; }; };
		31FF57AB1BE30D400086815E /* sha1.c in Sources */ = {isa = PBXBuildFile; fileRef = 31FF57A71BE30D400086815E /* sha1.c */; settings = {COMPILER_FLAGS = "-fno-objc-arc"; }; };
		3F67D76C1BD1E41F003D2F75 /* AppDelegate.m in Sources */ = {isa = PBXBuildFile; fileRef = 3F67D76B1BD1E41F003D2F75 /* AppDelegate.m */; settings = {COMPILER_FLAGS = "-fno-objc-arc"; }; };
		3F67D76F1BD1E41F003D2F75 /* MUNCH.xcdatamodeld in Sources */ = {isa = PBXBuildFile; fileRef = 3F67D76D1BD1E41F003D2F75 /* MUNCH.xcdatamodeld */; settings = {COMPILER_FLAGS = "-fno-objc-arc"; }; };
		3F67D7721BD1E41F003D2F75 /* ViewController.m in Sources */ = {isa = PBXBuildFile; fileRef = 3F67D7711BD1E41F003D2F75 /* ViewController.m */; settings = {COMPILER_FLAGS = "-fno-objc-arc"; }; };
		3F67D7751BD1E41F003D2F75 /* Main.storyboard in Resources */ = {isa = PBXBuildFile; fileRef = 3F67D7731BD1E41F003D2F75 /* Main.storyboard */; };
		3F67D7771BD1E41F003D2F75 /* Images.xcassets in Resources */ = {isa = PBXBuildFile; fileRef = 3F67D7761BD1E41F003D2F75 /* Images.xcassets */; };
		3F67D77A1BD1E41F003D2F75 /* LaunchScreen.xib in Resources */ = {isa = PBXBuildFile; fileRef = 3F67D7781BD1E41F003D2F75 /* LaunchScreen.xib */; };
		3F67D7861BD1E41F003D2F75 /* MUNCHTests.m in Sources */ = {isa = PBXBuildFile; fileRef = 3F67D7851BD1E41F003D2F75 /* MUNCHTests.m */; };
		3FB16D341BF2F2F100367786 /* ContainerViewController.m in Sources */ = {isa = PBXBuildFile; fileRef = 3FB16D331BF2F2F100367786 /* ContainerViewController.m */; settings = {COMPILER_FLAGS = "-fno-objc-arc"; }; };
		8281957F1C1145C90066C26A /* MapKit.framework in Frameworks */ = {isa = PBXBuildFile; fileRef = 8281957E1C1145C90066C26A /* MapKit.framework */; };
		829965491BFF0A8700B44EF9 /* Bored_90x90.gif in Resources */ = {isa = PBXBuildFile; fileRef = 829965481BFF0A8700B44EF9 /* Bored_90x90.gif */; };
		829A99F81BF15D5600C418FF /* bar@2x.png in Resources */ = {isa = PBXBuildFile; fileRef = 829A99F71BF15D5600C418FF /* bar@2x.png */; };
		829A99FA1BF15DCB00C418FF /* trollface_300x200@2x.png in Resources */ = {isa = PBXBuildFile; fileRef = 829A99F91BF15DCB00C418FF /* trollface_300x200@2x.png */; };
		82A1F0EE1BF130CA00AE8E58 /* thumbs_up_300x300@2x.png in Resources */ = {isa = PBXBuildFile; fileRef = 82A1F0EB1BF130CA00AE8E58 /* thumbs_up_300x300@2x.png */; };
		82A22BFE1BF596BE00265C56 /* DraggableView.m in Sources */ = {isa = PBXBuildFile; fileRef = 82A22BF91BF596BE00265C56 /* DraggableView.m */; };
		82A22BFF1BF596BE00265C56 /* DraggableViewBackground.m in Sources */ = {isa = PBXBuildFile; fileRef = 82A22BFB1BF596BE00265C56 /* DraggableViewBackground.m */; settings = {COMPILER_FLAGS = "-fno-objc-arc"; }; };
		82A22C001BF596BE00265C56 /* OverlayView.m in Sources */ = {isa = PBXBuildFile; fileRef = 82A22BFD1BF596BE00265C56 /* OverlayView.m */; settings = {COMPILER_FLAGS = "-fno-objc-arc"; }; };
		82E7F5081BE31CA9003A1785 /* Restaurant.m in Sources */ = {isa = PBXBuildFile; fileRef = 82E7F5071BE31CA9003A1785 /* Restaurant.m */; };
		82FE3A361BF06B2600B28CC6 /* Settings.jpg in Resources */ = {isa = PBXBuildFile; fileRef = 82FE3A351BF06B2600B28CC6 /* Settings.jpg */; };
/* End PBXBuildFile section */

/* Begin PBXContainerItemProxy section */
		3F67D7801BD1E41F003D2F75 /* PBXContainerItemProxy */ = {
			isa = PBXContainerItemProxy;
			containerPortal = 3F67D75B1BD1E41F003D2F75 /* Project object */;
			proxyType = 1;
			remoteGlobalIDString = 3F67D7621BD1E41F003D2F75;
			remoteInfo = MUNCH;
		};
/* End PBXContainerItemProxy section */

/* Begin PBXFileReference section */
		313C21121BFB21B1000E71F2 /* CoreLocation.framework */ = {isa = PBXFileReference; lastKnownFileType = wrapper.framework; name = CoreLocation.framework; path = System/Library/Frameworks/CoreLocation.framework; sourceTree = SDKROOT; };
		31CD3ABF1BE9AE1A00950065 /* main.m */ = {isa = PBXFileReference; fileEncoding = 4; lastKnownFileType = sourcecode.c.objc; path = main.m; sourceTree = "<group>"; };
		31D5FDA91BE0797A0052B703 /* Foundation.framework */ = {isa = PBXFileReference; lastKnownFileType = wrapper.framework; name = Foundation.framework; path = System/Library/Frameworks/Foundation.framework; sourceTree = SDKROOT; };
		31D771B81C10FC9F009FDEAD /* Icon-60@2x.png */ = {isa = PBXFileReference; lastKnownFileType = image.png; name = "Icon-60@2x.png"; path = "../Images/Icon/Icon-60@2x.png"; sourceTree = "<group>"; };
		31D771B91C10FC9F009FDEAD /* Icon-60@3x.png */ = {isa = PBXFileReference; lastKnownFileType = image.png; name = "Icon-60@3x.png"; path = "../Images/Icon/Icon-60@3x.png"; sourceTree = "<group>"; };
		31D771BA1C10FC9F009FDEAD /* Icon-Small-40.png */ = {isa = PBXFileReference; lastKnownFileType = image.png; name = "Icon-Small-40.png"; path = "../Images/Icon/Icon-Small-40.png"; sourceTree = "<group>"; };
		31D771BB1C10FC9F009FDEAD /* Icon-Small-40@2x.png */ = {isa = PBXFileReference; lastKnownFileType = image.png; name = "Icon-Small-40@2x.png"; path = "../Images/Icon/Icon-Small-40@2x.png"; sourceTree = "<group>"; };
		31D771BC1C10FC9F009FDEAD /* Icon-Small.png */ = {isa = PBXFileReference; lastKnownFileType = image.png; name = "Icon-Small.png"; path = "../Images/Icon/Icon-Small.png"; sourceTree = "<group>"; };
		31D771BD1C10FC9F009FDEAD /* Icon-Small@2x.png */ = {isa = PBXFileReference; lastKnownFileType = image.png; name = "Icon-Small@2x.png"; path = "../Images/Icon/Icon-Small@2x.png"; sourceTree = "<group>"; };
		31D771BE1C10FC9F009FDEAD /* Icon.png */ = {isa = PBXFileReference; lastKnownFileType = image.png; name = Icon.png; path = ../Images/Icon/Icon.png; sourceTree = "<group>"; };
		31D771BF1C10FC9F009FDEAD /* Icon@2x.png */ = {isa = PBXFileReference; lastKnownFileType = image.png; name = "Icon@2x.png"; path = "../Images/Icon/Icon@2x.png"; sourceTree = "<group>"; };
		31FF57351BE30C620086815E /* NSURLRequest+OAuth.h */ = {isa = PBXFileReference; fileEncoding = 4; lastKnownFileType = sourcecode.c.h; path = "NSURLRequest+OAuth.h"; sourceTree = "<group>"; };
		31FF57361BE30C620086815E /* NSURLRequest+OAuth.m */ = {isa = PBXFileReference; fileEncoding = 4; lastKnownFileType = sourcecode.c.objc; path = "NSURLRequest+OAuth.m"; sourceTree = "<group>"; };
		31FF57381BE30C620086815E /* YelpAPISample-Prefix.pch */ = {isa = PBXFileReference; fileEncoding = 4; lastKnownFileType = sourcecode.c.h; path = "YelpAPISample-Prefix.pch"; sourceTree = "<group>"; };
		31FF57391BE30C620086815E /* YPAPISample.h */ = {isa = PBXFileReference; fileEncoding = 4; lastKnownFileType = sourcecode.c.h; path = YPAPISample.h; sourceTree = "<group>"; };
		31FF573A1BE30C620086815E /* YPAPISample.m */ = {isa = PBXFileReference; fileEncoding = 4; lastKnownFileType = sourcecode.c.objc; path = YPAPISample.m; sourceTree = "<group>"; };
		31FF57691BE30CC10086815E /* OACall.h */ = {isa = PBXFileReference; fileEncoding = 4; lastKnownFileType = sourcecode.c.h; name = OACall.h; path = YelpAPI/OAuthConsumer/OACall.h; sourceTree = SOURCE_ROOT; };
		31FF576A1BE30CC10086815E /* OACall.m */ = {isa = PBXFileReference; fileEncoding = 4; lastKnownFileType = sourcecode.c.objc; name = OACall.m; path = YelpAPI/OAuthConsumer/OACall.m; sourceTree = SOURCE_ROOT; };
		31FF576B1BE30CC10086815E /* OAConsumer.h */ = {isa = PBXFileReference; fileEncoding = 4; lastKnownFileType = sourcecode.c.h; name = OAConsumer.h; path = YelpAPI/OAuthConsumer/OAConsumer.h; sourceTree = SOURCE_ROOT; };
		31FF576C1BE30CC10086815E /* OAConsumer.m */ = {isa = PBXFileReference; fileEncoding = 4; lastKnownFileType = sourcecode.c.objc; name = OAConsumer.m; path = YelpAPI/OAuthConsumer/OAConsumer.m; sourceTree = SOURCE_ROOT; };
		31FF576D1BE30CC10086815E /* OADataFetcher.h */ = {isa = PBXFileReference; fileEncoding = 4; lastKnownFileType = sourcecode.c.h; name = OADataFetcher.h; path = YelpAPI/OAuthConsumer/OADataFetcher.h; sourceTree = SOURCE_ROOT; };
		31FF576E1BE30CC10086815E /* OADataFetcher.m */ = {isa = PBXFileReference; fileEncoding = 4; lastKnownFileType = sourcecode.c.objc; name = OADataFetcher.m; path = YelpAPI/OAuthConsumer/OADataFetcher.m; sourceTree = SOURCE_ROOT; };
		31FF576F1BE30CC10086815E /* OAHMAC_SHA1SignatureProvider.h */ = {isa = PBXFileReference; fileEncoding = 4; lastKnownFileType = sourcecode.c.h; name = OAHMAC_SHA1SignatureProvider.h; path = YelpAPI/OAuthConsumer/OAHMAC_SHA1SignatureProvider.h; sourceTree = SOURCE_ROOT; };
		31FF57701BE30CC10086815E /* OAHMAC_SHA1SignatureProvider.m */ = {isa = PBXFileReference; fileEncoding = 4; lastKnownFileType = sourcecode.c.objc; name = OAHMAC_SHA1SignatureProvider.m; path = YelpAPI/OAuthConsumer/OAHMAC_SHA1SignatureProvider.m; sourceTree = SOURCE_ROOT; };
		31FF57711BE30CC10086815E /* OAMutableURLRequest.h */ = {isa = PBXFileReference; fileEncoding = 4; lastKnownFileType = sourcecode.c.h; name = OAMutableURLRequest.h; path = YelpAPI/OAuthConsumer/OAMutableURLRequest.h; sourceTree = SOURCE_ROOT; };
		31FF57721BE30CC10086815E /* OAMutableURLRequest.m */ = {isa = PBXFileReference; fileEncoding = 4; lastKnownFileType = sourcecode.c.objc; name = OAMutableURLRequest.m; path = YelpAPI/OAuthConsumer/OAMutableURLRequest.m; sourceTree = SOURCE_ROOT; };
		31FF57731BE30CC10086815E /* OAPlaintextSignatureProvider.h */ = {isa = PBXFileReference; fileEncoding = 4; lastKnownFileType = sourcecode.c.h; name = OAPlaintextSignatureProvider.h; path = YelpAPI/OAuthConsumer/OAPlaintextSignatureProvider.h; sourceTree = SOURCE_ROOT; };
		31FF57741BE30CC10086815E /* OAPlaintextSignatureProvider.m */ = {isa = PBXFileReference; fileEncoding = 4; lastKnownFileType = sourcecode.c.objc; name = OAPlaintextSignatureProvider.m; path = YelpAPI/OAuthConsumer/OAPlaintextSignatureProvider.m; sourceTree = SOURCE_ROOT; };
		31FF57751BE30CC10086815E /* OAProblem.h */ = {isa = PBXFileReference; fileEncoding = 4; lastKnownFileType = sourcecode.c.h; name = OAProblem.h; path = YelpAPI/OAuthConsumer/OAProblem.h; sourceTree = SOURCE_ROOT; };
		31FF57761BE30CC10086815E /* OAProblem.m */ = {isa = PBXFileReference; fileEncoding = 4; lastKnownFileType = sourcecode.c.objc; name = OAProblem.m; path = YelpAPI/OAuthConsumer/OAProblem.m; sourceTree = SOURCE_ROOT; };
		31FF57771BE30CC10086815E /* OARequestParameter.h */ = {isa = PBXFileReference; fileEncoding = 4; lastKnownFileType = sourcecode.c.h; name = OARequestParameter.h; path = YelpAPI/OAuthConsumer/OARequestParameter.h; sourceTree = SOURCE_ROOT; };
		31FF57781BE30CC10086815E /* OARequestParameter.m */ = {isa = PBXFileReference; fileEncoding = 4; lastKnownFileType = sourcecode.c.objc; name = OARequestParameter.m; path = YelpAPI/OAuthConsumer/OARequestParameter.m; sourceTree = SOURCE_ROOT; };
		31FF57791BE30CC10086815E /* OAServiceTicket.h */ = {isa = PBXFileReference; fileEncoding = 4; lastKnownFileType = sourcecode.c.h; name = OAServiceTicket.h; path = YelpAPI/OAuthConsumer/OAServiceTicket.h; sourceTree = SOURCE_ROOT; };
		31FF577A1BE30CC10086815E /* OAServiceTicket.m */ = {isa = PBXFileReference; fileEncoding = 4; lastKnownFileType = sourcecode.c.objc; name = OAServiceTicket.m; path = YelpAPI/OAuthConsumer/OAServiceTicket.m; sourceTree = SOURCE_ROOT; };
		31FF577B1BE30CC10086815E /* OASignatureProviding.h */ = {isa = PBXFileReference; fileEncoding = 4; lastKnownFileType = sourcecode.c.h; name = OASignatureProviding.h; path = YelpAPI/OAuthConsumer/OASignatureProviding.h; sourceTree = SOURCE_ROOT; };
		31FF577C1BE30CC10086815E /* OAToken.h */ = {isa = PBXFileReference; fileEncoding = 4; lastKnownFileType = sourcecode.c.h; name = OAToken.h; path = YelpAPI/OAuthConsumer/OAToken.h; sourceTree = SOURCE_ROOT; };
		31FF577D1BE30CC10086815E /* OAToken.m */ = {isa = PBXFileReference; fileEncoding = 4; lastKnownFileType = sourcecode.c.objc; name = OAToken.m; path = YelpAPI/OAuthConsumer/OAToken.m; sourceTree = SOURCE_ROOT; };
		31FF577E1BE30CC10086815E /* OATokenManager.h */ = {isa = PBXFileReference; fileEncoding = 4; lastKnownFileType = sourcecode.c.h; name = OATokenManager.h; path = YelpAPI/OAuthConsumer/OATokenManager.h; sourceTree = SOURCE_ROOT; };
		31FF577F1BE30CC10086815E /* OATokenManager.m */ = {isa = PBXFileReference; fileEncoding = 4; lastKnownFileType = sourcecode.c.objc; name = OATokenManager.m; path = YelpAPI/OAuthConsumer/OATokenManager.m; sourceTree = SOURCE_ROOT; };
		31FF57801BE30CC10086815E /* OAuthConsumer.h */ = {isa = PBXFileReference; fileEncoding = 4; lastKnownFileType = sourcecode.c.h; name = OAuthConsumer.h; path = YelpAPI/OAuthConsumer/OAuthConsumer.h; sourceTree = SOURCE_ROOT; };
		31FF57991BE30D170086815E /* NSMutableURLRequest+Parameters.h */ = {isa = PBXFileReference; fileEncoding = 4; lastKnownFileType = sourcecode.c.h; name = "NSMutableURLRequest+Parameters.h"; path = "YelpAPI/OAuthConsumer/Categories/NSMutableURLRequest+Parameters.h"; sourceTree = SOURCE_ROOT; };
		31FF579A1BE30D170086815E /* NSMutableURLRequest+Parameters.m */ = {isa = PBXFileReference; fileEncoding = 4; lastKnownFileType = sourcecode.c.objc; name = "NSMutableURLRequest+Parameters.m"; path = "YelpAPI/OAuthConsumer/Categories/NSMutableURLRequest+Parameters.m"; sourceTree = SOURCE_ROOT; };
		31FF579B1BE30D170086815E /* NSString+URLEncoding.h */ = {isa = PBXFileReference; fileEncoding = 4; lastKnownFileType = sourcecode.c.h; name = "NSString+URLEncoding.h"; path = "YelpAPI/OAuthConsumer/Categories/NSString+URLEncoding.h"; sourceTree = SOURCE_ROOT; };
		31FF579C1BE30D170086815E /* NSString+URLEncoding.m */ = {isa = PBXFileReference; fileEncoding = 4; lastKnownFileType = sourcecode.c.objc; name = "NSString+URLEncoding.m"; path = "YelpAPI/OAuthConsumer/Categories/NSString+URLEncoding.m"; sourceTree = SOURCE_ROOT; };
		31FF579D1BE30D170086815E /* NSURL+Base.h */ = {isa = PBXFileReference; fileEncoding = 4; lastKnownFileType = sourcecode.c.h; name = "NSURL+Base.h"; path = "YelpAPI/OAuthConsumer/Categories/NSURL+Base.h"; sourceTree = SOURCE_ROOT; };
		31FF579E1BE30D170086815E /* NSURL+Base.m */ = {isa = PBXFileReference; fileEncoding = 4; lastKnownFileType = sourcecode.c.objc; name = "NSURL+Base.m"; path = "YelpAPI/OAuthConsumer/Categories/NSURL+Base.m"; sourceTree = SOURCE_ROOT; };
		31FF57A31BE30D400086815E /* Base64Transcoder.c */ = {isa = PBXFileReference; fileEncoding = 4; lastKnownFileType = sourcecode.c.c; name = Base64Transcoder.c; path = YelpAPI/OAuthConsumer/Crytpo/Base64Transcoder.c; sourceTree = SOURCE_ROOT; };
		31FF57A41BE30D400086815E /* Base64Transcoder.h */ = {isa = PBXFileReference; fileEncoding = 4; lastKnownFileType = sourcecode.c.h; name = Base64Transcoder.h; path = YelpAPI/OAuthConsumer/Crytpo/Base64Transcoder.h; sourceTree = SOURCE_ROOT; };
		31FF57A51BE30D400086815E /* hmac.c */ = {isa = PBXFileReference; fileEncoding = 4; lastKnownFileType = sourcecode.c.c; name = hmac.c; path = YelpAPI/OAuthConsumer/Crytpo/hmac.c; sourceTree = SOURCE_ROOT; };
		31FF57A61BE30D400086815E /* hmac.h */ = {isa = PBXFileReference; fileEncoding = 4; lastKnownFileType = sourcecode.c.h; name = hmac.h; path = YelpAPI/OAuthConsumer/Crytpo/hmac.h; sourceTree = SOURCE_ROOT; };
		31FF57A71BE30D400086815E /* sha1.c */ = {isa = PBXFileReference; fileEncoding = 4; lastKnownFileType = sourcecode.c.c; name = sha1.c; path = YelpAPI/OAuthConsumer/Crytpo/sha1.c; sourceTree = SOURCE_ROOT; };
		31FF57A81BE30D400086815E /* sha1.h */ = {isa = PBXFileReference; fileEncoding = 4; lastKnownFileType = sourcecode.c.h; name = sha1.h; path = YelpAPI/OAuthConsumer/Crytpo/sha1.h; sourceTree = SOURCE_ROOT; };
		3F67D7631BD1E41F003D2F75 /* MUNCH.app */ = {isa = PBXFileReference; explicitFileType = wrapper.application; includeInIndex = 0; path = MUNCH.app; sourceTree = BUILT_PRODUCTS_DIR; };
		3F67D7671BD1E41F003D2F75 /* Info.plist */ = {isa = PBXFileReference; lastKnownFileType = text.plist.xml; path = Info.plist; sourceTree = "<group>"; };
		3F67D76A1BD1E41F003D2F75 /* AppDelegate.h */ = {isa = PBXFileReference; lastKnownFileType = sourcecode.c.h; path = AppDelegate.h; sourceTree = "<group>"; };
		3F67D76B1BD1E41F003D2F75 /* AppDelegate.m */ = {isa = PBXFileReference; lastKnownFileType = sourcecode.c.objc; path = AppDelegate.m; sourceTree = "<group>"; };
		3F67D76E1BD1E41F003D2F75 /* MUNCH.xcdatamodel */ = {isa = PBXFileReference; lastKnownFileType = wrapper.xcdatamodel; path = MUNCH.xcdatamodel; sourceTree = "<group>"; };
		3F67D7701BD1E41F003D2F75 /* ViewController.h */ = {isa = PBXFileReference; lastKnownFileType = sourcecode.c.h; path = ViewController.h; sourceTree = "<group>"; };
		3F67D7711BD1E41F003D2F75 /* ViewController.m */ = {isa = PBXFileReference; lastKnownFileType = sourcecode.c.objc; path = ViewController.m; sourceTree = "<group>"; };
		3F67D7741BD1E41F003D2F75 /* Base */ = {isa = PBXFileReference; lastKnownFileType = file.storyboard; name = Base; path = Base.lproj/Main.storyboard; sourceTree = "<group>"; };
		3F67D7761BD1E41F003D2F75 /* Images.xcassets */ = {isa = PBXFileReference; lastKnownFileType = folder.assetcatalog; path = Images.xcassets; sourceTree = "<group>"; };
		3F67D7791BD1E41F003D2F75 /* Base */ = {isa = PBXFileReference; lastKnownFileType = file.xib; name = Base; path = Base.lproj/LaunchScreen.xib; sourceTree = "<group>"; };
		3F67D77F1BD1E41F003D2F75 /* MUNCHTests.xctest */ = {isa = PBXFileReference; explicitFileType = wrapper.cfbundle; includeInIndex = 0; path = MUNCHTests.xctest; sourceTree = BUILT_PRODUCTS_DIR; };
		3F67D7841BD1E41F003D2F75 /* Info.plist */ = {isa = PBXFileReference; lastKnownFileType = text.plist.xml; path = Info.plist; sourceTree = "<group>"; };
		3F67D7851BD1E41F003D2F75 /* MUNCHTests.m */ = {isa = PBXFileReference; lastKnownFileType = sourcecode.c.objc; path = MUNCHTests.m; sourceTree = "<group>"; };
		3FB16D321BF2F2F100367786 /* ContainerViewController.h */ = {isa = PBXFileReference; fileEncoding = 4; lastKnownFileType = sourcecode.c.h; path = ContainerViewController.h; sourceTree = "<group>"; };
		3FB16D331BF2F2F100367786 /* ContainerViewController.m */ = {isa = PBXFileReference; fileEncoding = 4; lastKnownFileType = sourcecode.c.objc; path = ContainerViewController.m; sourceTree = "<group>"; };
		8281957E1C1145C90066C26A /* MapKit.framework */ = {isa = PBXFileReference; lastKnownFileType = wrapper.framework; name = MapKit.framework; path = System/Library/Frameworks/MapKit.framework; sourceTree = SDKROOT; };
		829965481BFF0A8700B44EF9 /* Bored_90x90.gif */ = {isa = PBXFileReference; lastKnownFileType = image.gif; name = Bored_90x90.gif; path = ../Images/Bored_90x90.gif; sourceTree = "<group>"; };
		829A99F71BF15D5600C418FF /* bar@2x.png */ = {isa = PBXFileReference; lastKnownFileType = image.png; name = "bar@2x.png"; path = "../Images/bar@2x.png"; sourceTree = "<group>"; };
		829A99F91BF15DCB00C418FF /* trollface_300x200@2x.png */ = {isa = PBXFileReference; lastKnownFileType = image.png; name = "trollface_300x200@2x.png"; path = "../Images/trollface_300x200@2x.png"; sourceTree = "<group>"; };
		82A1F0EB1BF130CA00AE8E58 /* thumbs_up_300x300@2x.png */ = {isa = PBXFileReference; lastKnownFileType = image.png; name = "thumbs_up_300x300@2x.png"; path = "MUNCH.xcodeproj/thumbs_up_300x300@2x.png"; sourceTree = SOURCE_ROOT; };
		82A22BF81BF596BE00265C56 /* DraggableView.h */ = {isa = PBXFileReference; fileEncoding = 4; lastKnownFileType = sourcecode.c.h; name = DraggableView.h; path = DragView/DraggableView.h; sourceTree = "<group>"; };
		82A22BF91BF596BE00265C56 /* DraggableView.m */ = {isa = PBXFileReference; fileEncoding = 4; lastKnownFileType = sourcecode.c.objc; name = DraggableView.m; path = DragView/DraggableView.m; sourceTree = "<group>"; };
		82A22BFA1BF596BE00265C56 /* DraggableViewBackground.h */ = {isa = PBXFileReference; fileEncoding = 4; lastKnownFileType = sourcecode.c.h; name = DraggableViewBackground.h; path = DragView/DraggableViewBackground.h; sourceTree = "<group>"; };
		82A22BFB1BF596BE00265C56 /* DraggableViewBackground.m */ = {isa = PBXFileReference; fileEncoding = 4; lastKnownFileType = sourcecode.c.objc; name = DraggableViewBackground.m; path = DragView/DraggableViewBackground.m; sourceTree = "<group>"; };
		82A22BFC1BF596BE00265C56 /* OverlayView.h */ = {isa = PBXFileReference; fileEncoding = 4; lastKnownFileType = sourcecode.c.h; name = OverlayView.h; path = DragView/OverlayView.h; sourceTree = "<group>"; };
		82A22BFD1BF596BE00265C56 /* OverlayView.m */ = {isa = PBXFileReference; fileEncoding = 4; lastKnownFileType = sourcecode.c.objc; name = OverlayView.m; path = DragView/OverlayView.m; sourceTree = "<group>"; };
		82E7F5061BE31CA9003A1785 /* Restaurant.h */ = {isa = PBXFileReference; fileEncoding = 4; lastKnownFileType = sourcecode.c.h; path = Restaurant.h; sourceTree = "<group>"; };
		82E7F5071BE31CA9003A1785 /* Restaurant.m */ = {isa = PBXFileReference; fileEncoding = 4; lastKnownFileType = sourcecode.c.objc; path = Restaurant.m; sourceTree = "<group>"; };
		82FE3A351BF06B2600B28CC6 /* Settings.jpg */ = {isa = PBXFileReference; lastKnownFileType = image.jpeg; name = Settings.jpg; path = ../Images/Settings.jpg; sourceTree = "<group>"; };
/* End PBXFileReference section */

/* Begin PBXFrameworksBuildPhase section */
		3F67D7601BD1E41F003D2F75 /* Frameworks */ = {
			isa = PBXFrameworksBuildPhase;
			buildActionMask = 2147483647;
			files = (
				313C21131BFB21B1000E71F2 /* CoreLocation.framework in Frameworks */,
				8281957F1C1145C90066C26A /* MapKit.framework in Frameworks */,
				31D5FDAA1BE0797A0052B703 /* Foundation.framework in Frameworks */,
			);
			runOnlyForDeploymentPostprocessing = 0;
		};
		3F67D77C1BD1E41F003D2F75 /* Frameworks */ = {
			isa = PBXFrameworksBuildPhase;
			buildActionMask = 2147483647;
			files = (
			);
			runOnlyForDeploymentPostprocessing = 0;
		};
/* End PBXFrameworksBuildPhase section */

/* Begin PBXGroup section */
		31D5FDAB1BE079A70052B703 /* Frameworks */ = {
			isa = PBXGroup;
			children = (
				8281957E1C1145C90066C26A /* MapKit.framework */,
				313C21121BFB21B1000E71F2 /* CoreLocation.framework */,
				31D5FDA91BE0797A0052B703 /* Foundation.framework */,
			);
			name = Frameworks;
			sourceTree = "<group>";
		};
		31D771C81C10FCAA009FDEAD /* icon */ = {
			isa = PBXGroup;
			children = (
				31D771B81C10FC9F009FDEAD /* Icon-60@2x.png */,
				31D771B91C10FC9F009FDEAD /* Icon-60@3x.png */,
				31D771BA1C10FC9F009FDEAD /* Icon-Small-40.png */,
				31D771BB1C10FC9F009FDEAD /* Icon-Small-40@2x.png */,
				31D771BC1C10FC9F009FDEAD /* Icon-Small.png */,
				31D771BD1C10FC9F009FDEAD /* Icon-Small@2x.png */,
				31D771BE1C10FC9F009FDEAD /* Icon.png */,
				31D771BF1C10FC9F009FDEAD /* Icon@2x.png */,
			);
			name = icon;
			sourceTree = "<group>";
		};
		31FF57331BE30C400086815E /* Yelp */ = {
			isa = PBXGroup;
			children = (
				31CD3ABF1BE9AE1A00950065 /* main.m */,
				31FF573F1BE30C730086815E /* OAuthConsumer */,
				31FF57351BE30C620086815E /* NSURLRequest+OAuth.h */,
				31FF57361BE30C620086815E /* NSURLRequest+OAuth.m */,
				31FF57381BE30C620086815E /* YelpAPISample-Prefix.pch */,
				31FF57391BE30C620086815E /* YPAPISample.h */,
				31FF573A1BE30C620086815E /* YPAPISample.m */,
			);
			name = Yelp;
			sourceTree = "<group>";
		};
		31FF573F1BE30C730086815E /* OAuthConsumer */ = {
			isa = PBXGroup;
			children = (
				31FF57981BE30CF90086815E /* Categories */,
				31FF57A21BE30D220086815E /* Crytpo */,
				31FF57691BE30CC10086815E /* OACall.h */,
				31FF576A1BE30CC10086815E /* OACall.m */,
				31FF576B1BE30CC10086815E /* OAConsumer.h */,
				31FF576C1BE30CC10086815E /* OAConsumer.m */,
				31FF576D1BE30CC10086815E /* OADataFetcher.h */,
				31FF576E1BE30CC10086815E /* OADataFetcher.m */,
				31FF576F1BE30CC10086815E /* OAHMAC_SHA1SignatureProvider.h */,
				31FF57701BE30CC10086815E /* OAHMAC_SHA1SignatureProvider.m */,
				31FF57711BE30CC10086815E /* OAMutableURLRequest.h */,
				31FF57721BE30CC10086815E /* OAMutableURLRequest.m */,
				31FF57731BE30CC10086815E /* OAPlaintextSignatureProvider.h */,
				31FF57741BE30CC10086815E /* OAPlaintextSignatureProvider.m */,
				31FF57751BE30CC10086815E /* OAProblem.h */,
				31FF57761BE30CC10086815E /* OAProblem.m */,
				31FF57771BE30CC10086815E /* OARequestParameter.h */,
				31FF57781BE30CC10086815E /* OARequestParameter.m */,
				31FF57791BE30CC10086815E /* OAServiceTicket.h */,
				31FF577A1BE30CC10086815E /* OAServiceTicket.m */,
				31FF577B1BE30CC10086815E /* OASignatureProviding.h */,
				31FF577C1BE30CC10086815E /* OAToken.h */,
				31FF577D1BE30CC10086815E /* OAToken.m */,
				31FF577E1BE30CC10086815E /* OATokenManager.h */,
				31FF577F1BE30CC10086815E /* OATokenManager.m */,
				31FF57801BE30CC10086815E /* OAuthConsumer.h */,
			);
			name = OAuthConsumer;
			sourceTree = "<group>";
		};
		31FF57981BE30CF90086815E /* Categories */ = {
			isa = PBXGroup;
			children = (
				31FF57991BE30D170086815E /* NSMutableURLRequest+Parameters.h */,
				31FF579A1BE30D170086815E /* NSMutableURLRequest+Parameters.m */,
				31FF579B1BE30D170086815E /* NSString+URLEncoding.h */,
				31FF579C1BE30D170086815E /* NSString+URLEncoding.m */,
				31FF579D1BE30D170086815E /* NSURL+Base.h */,
				31FF579E1BE30D170086815E /* NSURL+Base.m */,
			);
			name = Categories;
			sourceTree = "<group>";
		};
		31FF57A21BE30D220086815E /* Crytpo */ = {
			isa = PBXGroup;
			children = (
				31FF57A31BE30D400086815E /* Base64Transcoder.c */,
				31FF57A41BE30D400086815E /* Base64Transcoder.h */,
				31FF57A51BE30D400086815E /* hmac.c */,
				31FF57A61BE30D400086815E /* hmac.h */,
				31FF57A71BE30D400086815E /* sha1.c */,
				31FF57A81BE30D400086815E /* sha1.h */,
			);
			name = Crytpo;
			sourceTree = "<group>";
		};
		3F67D75A1BD1E41F003D2F75 = {
			isa = PBXGroup;
			children = (
				31D5FDAB1BE079A70052B703 /* Frameworks */,
				3F67D7651BD1E41F003D2F75 /* MUNCH */,
				3F67D7821BD1E41F003D2F75 /* MUNCHTests */,
				3F67D7641BD1E41F003D2F75 /* Products */,
			);
			sourceTree = "<group>";
		};
		3F67D7641BD1E41F003D2F75 /* Products */ = {
			isa = PBXGroup;
			children = (
				3F67D7631BD1E41F003D2F75 /* MUNCH.app */,
				3F67D77F1BD1E41F003D2F75 /* MUNCHTests.xctest */,
			);
			name = Products;
			sourceTree = "<group>";
		};
		3F67D7651BD1E41F003D2F75 /* MUNCH */ = {
			isa = PBXGroup;
			children = (
				82A22C011BF596D000265C56 /* DragView */,
				82E7F5061BE31CA9003A1785 /* Restaurant.h */,
				82E7F5071BE31CA9003A1785 /* Restaurant.m */,
				3FB16D321BF2F2F100367786 /* ContainerViewController.h */,
				3FB16D331BF2F2F100367786 /* ContainerViewController.m */,
				3F67D76A1BD1E41F003D2F75 /* AppDelegate.h */,
				3F67D76B1BD1E41F003D2F75 /* AppDelegate.m */,
				3F67D7701BD1E41F003D2F75 /* ViewController.h */,
				3F67D7711BD1E41F003D2F75 /* ViewController.m */,
				3F67D7731BD1E41F003D2F75 /* Main.storyboard */,
				3F67D7761BD1E41F003D2F75 /* Images.xcassets */,
				3F67D7781BD1E41F003D2F75 /* LaunchScreen.xib */,
				3F67D76D1BD1E41F003D2F75 /* MUNCH.xcdatamodeld */,
				3F67D7661BD1E41F003D2F75 /* Supporting Files */,
			);
			path = MUNCH;
			sourceTree = "<group>";
		};
		3F67D7661BD1E41F003D2F75 /* Supporting Files */ = {
			isa = PBXGroup;
			children = (
				82B6E0431BE9AE3A00658C08 /* Images */,
				31FF57331BE30C400086815E /* Yelp */,
				3F67D7671BD1E41F003D2F75 /* Info.plist */,
			);
			name = "Supporting Files";
			sourceTree = "<group>";
		};
		3F67D7821BD1E41F003D2F75 /* MUNCHTests */ = {
			isa = PBXGroup;
			children = (
				3F67D7851BD1E41F003D2F75 /* MUNCHTests.m */,
				3F67D7831BD1E41F003D2F75 /* Supporting Files */,
			);
			path = MUNCHTests;
			sourceTree = "<group>";
		};
		3F67D7831BD1E41F003D2F75 /* Supporting Files */ = {
			isa = PBXGroup;
			children = (
				3F67D7841BD1E41F003D2F75 /* Info.plist */,
			);
			name = "Supporting Files";
			sourceTree = "<group>";
		};
		82A22C011BF596D000265C56 /* DragView */ = {
			isa = PBXGroup;
			children = (
				82A22BF81BF596BE00265C56 /* DraggableView.h */,
				82A22BF91BF596BE00265C56 /* DraggableView.m */,
				82A22BFA1BF596BE00265C56 /* DraggableViewBackground.h */,
				82A22BFB1BF596BE00265C56 /* DraggableViewBackground.m */,
				82A22BFC1BF596BE00265C56 /* OverlayView.h */,
				82A22BFD1BF596BE00265C56 /* OverlayView.m */,
			);
			name = DragView;
			path = ..;
			sourceTree = "<group>";
		};
		82B6E0431BE9AE3A00658C08 /* Images */ = {
			isa = PBXGroup;
			children = (
				31D771C81C10FCAA009FDEAD /* icon */,
				829A99F91BF15DCB00C418FF /* trollface_300x200@2x.png */,
				829965481BFF0A8700B44EF9 /* Bored_90x90.gif */,
				829A99F71BF15D5600C418FF /* bar@2x.png */,
				82A1F0EB1BF130CA00AE8E58 /* thumbs_up_300x300@2x.png */,
				82FE3A351BF06B2600B28CC6 /* Settings.jpg */,
			);
			name = Images;
			sourceTree = "<group>";
		};
/* End PBXGroup section */

/* Begin PBXNativeTarget section */
		3F67D7621BD1E41F003D2F75 /* MUNCH */ = {
			isa = PBXNativeTarget;
			buildConfigurationList = 3F67D7891BD1E41F003D2F75 /* Build configuration list for PBXNativeTarget "MUNCH" */;
			buildPhases = (
				3F67D75F1BD1E41F003D2F75 /* Sources */,
				3F67D7601BD1E41F003D2F75 /* Frameworks */,
				3F67D7611BD1E41F003D2F75 /* Resources */,
			);
			buildRules = (
			);
			dependencies = (
			);
			name = MUNCH;
			productName = MUNCH;
			productReference = 3F67D7631BD1E41F003D2F75 /* MUNCH.app */;
			productType = "com.apple.product-type.application";
		};
		3F67D77E1BD1E41F003D2F75 /* MUNCHTests */ = {
			isa = PBXNativeTarget;
			buildConfigurationList = 3F67D78C1BD1E41F003D2F75 /* Build configuration list for PBXNativeTarget "MUNCHTests" */;
			buildPhases = (
				3F67D77B1BD1E41F003D2F75 /* Sources */,
				3F67D77C1BD1E41F003D2F75 /* Frameworks */,
				3F67D77D1BD1E41F003D2F75 /* Resources */,
			);
			buildRules = (
			);
			dependencies = (
				3F67D7811BD1E41F003D2F75 /* PBXTargetDependency */,
			);
			name = MUNCHTests;
			productName = MUNCHTests;
			productReference = 3F67D77F1BD1E41F003D2F75 /* MUNCHTests.xctest */;
			productType = "com.apple.product-type.bundle.unit-test";
		};
/* End PBXNativeTarget section */

/* Begin PBXProject section */
		3F67D75B1BD1E41F003D2F75 /* Project object */ = {
			isa = PBXProject;
			attributes = {
				LastUpgradeCheck = 0700;
				ORGANIZATIONNAME = Greybeards;
				TargetAttributes = {
					3F67D7621BD1E41F003D2F75 = {
						CreatedOnToolsVersion = 6.3.2;
						DevelopmentTeam = 9A29YRQ4XD;
						SystemCapabilities = {
							com.apple.Maps.iOS = {
								enabled = 1;
							};
						};
					};
					3F67D77E1BD1E41F003D2F75 = {
						CreatedOnToolsVersion = 6.3.2;
						TestTargetID = 3F67D7621BD1E41F003D2F75;
					};
				};
			};
			buildConfigurationList = 3F67D75E1BD1E41F003D2F75 /* Build configuration list for PBXProject "MUNCH" */;
			compatibilityVersion = "Xcode 3.2";
			developmentRegion = English;
			hasScannedForEncodings = 0;
			knownRegions = (
				en,
				Base,
			);
			mainGroup = 3F67D75A1BD1E41F003D2F75;
			productRefGroup = 3F67D7641BD1E41F003D2F75 /* Products */;
			projectDirPath = "";
			projectRoot = "";
			targets = (
				3F67D7621BD1E41F003D2F75 /* MUNCH */,
				3F67D77E1BD1E41F003D2F75 /* MUNCHTests */,
			);
		};
/* End PBXProject section */

/* Begin PBXResourcesBuildPhase section */
		3F67D7611BD1E41F003D2F75 /* Resources */ = {
			isa = PBXResourcesBuildPhase;
			buildActionMask = 2147483647;
			files = (
				829965491BFF0A8700B44EF9 /* Bored_90x90.gif in Resources */,
				31D771C71C10FC9F009FDEAD /* Icon@2x.png in Resources */,
				31D771C31C10FC9F009FDEAD /* Icon-Small-40@2x.png in Resources */,
				31D771C21C10FC9F009FDEAD /* Icon-Small-40.png in Resources */,
				31D771C41C10FC9F009FDEAD /* Icon-Small.png in Resources */,
				82FE3A361BF06B2600B28CC6 /* Settings.jpg in Resources */,
				829A99FA1BF15DCB00C418FF /* trollface_300x200@2x.png in Resources */,
				3F67D7751BD1E41F003D2F75 /* Main.storyboard in Resources */,
				829A99F81BF15D5600C418FF /* bar@2x.png in Resources */,
				31D771C01C10FC9F009FDEAD /* Icon-60@2x.png in Resources */,
				31D771C11C10FC9F009FDEAD /* Icon-60@3x.png in Resources */,
				3F67D77A1BD1E41F003D2F75 /* LaunchScreen.xib in Resources */,
				82A1F0EE1BF130CA00AE8E58 /* thumbs_up_300x300@2x.png in Resources */,
				31D771C61C10FC9F009FDEAD /* Icon.png in Resources */,
				3F67D7771BD1E41F003D2F75 /* Images.xcassets in Resources */,
				31D771C51C10FC9F009FDEAD /* Icon-Small@2x.png in Resources */,
			);
			runOnlyForDeploymentPostprocessing = 0;
		};
		3F67D77D1BD1E41F003D2F75 /* Resources */ = {
			isa = PBXResourcesBuildPhase;
			buildActionMask = 2147483647;
			files = (
			);
			runOnlyForDeploymentPostprocessing = 0;
		};
/* End PBXResourcesBuildPhase section */

/* Begin PBXSourcesBuildPhase section */
		3F67D75F1BD1E41F003D2F75 /* Sources */ = {
			isa = PBXSourcesBuildPhase;
			buildActionMask = 2147483647;
			files = (
				82A22BFF1BF596BE00265C56 /* DraggableViewBackground.m in Sources */,
				82A22BFE1BF596BE00265C56 /* DraggableView.m in Sources */,
				31FF57AA1BE30D400086815E /* hmac.c in Sources */,
				31FF578B1BE30CC10086815E /* OAServiceTicket.m in Sources */,
				3FB16D341BF2F2F100367786 /* ContainerViewController.m in Sources */,
				3F67D76C1BD1E41F003D2F75 /* AppDelegate.m in Sources */,
				31FF57861BE30CC10086815E /* OAHMAC_SHA1SignatureProvider.m in Sources */,
				31FF573E1BE30C620086815E /* YPAPISample.m in Sources */,
				31FF578A1BE30CC10086815E /* OARequestParameter.m in Sources */,
				82A22C001BF596BE00265C56 /* OverlayView.m in Sources */,
				31FF579F1BE30D170086815E /* NSMutableURLRequest+Parameters.m in Sources */,
				3F67D7721BD1E41F003D2F75 /* ViewController.m in Sources */,
				31FF57891BE30CC10086815E /* OAProblem.m in Sources */,
				31FF57A01BE30D170086815E /* NSString+URLEncoding.m in Sources */,
				31CD3AC01BE9AE1A00950065 /* main.m in Sources */,
				31FF57AB1BE30D400086815E /* sha1.c in Sources */,
				31FF578C1BE30CC10086815E /* OAToken.m in Sources */,
				31FF57881BE30CC10086815E /* OAPlaintextSignatureProvider.m in Sources */,
				31FF57871BE30CC10086815E /* OAMutableURLRequest.m in Sources */,
				31FF57A11BE30D170086815E /* NSURL+Base.m in Sources */,
				82E7F5081BE31CA9003A1785 /* Restaurant.m in Sources */,
				31FF573C1BE30C620086815E /* NSURLRequest+OAuth.m in Sources */,
				31FF57841BE30CC10086815E /* OAConsumer.m in Sources */,
				31FF57A91BE30D400086815E /* Base64Transcoder.c in Sources */,
				3F67D76F1BD1E41F003D2F75 /* MUNCH.xcdatamodeld in Sources */,
				31FF578D1BE30CC10086815E /* OATokenManager.m in Sources */,
				31FF57831BE30CC10086815E /* OACall.m in Sources */,
				31FF57851BE30CC10086815E /* OADataFetcher.m in Sources */,
			);
			runOnlyForDeploymentPostprocessing = 0;
		};
		3F67D77B1BD1E41F003D2F75 /* Sources */ = {
			isa = PBXSourcesBuildPhase;
			buildActionMask = 2147483647;
			files = (
				3F67D7861BD1E41F003D2F75 /* MUNCHTests.m in Sources */,
			);
			runOnlyForDeploymentPostprocessing = 0;
		};
/* End PBXSourcesBuildPhase section */

/* Begin PBXTargetDependency section */
		3F67D7811BD1E41F003D2F75 /* PBXTargetDependency */ = {
			isa = PBXTargetDependency;
			target = 3F67D7621BD1E41F003D2F75 /* MUNCH */;
			targetProxy = 3F67D7801BD1E41F003D2F75 /* PBXContainerItemProxy */;
		};
/* End PBXTargetDependency section */

/* Begin PBXVariantGroup section */
		3F67D7731BD1E41F003D2F75 /* Main.storyboard */ = {
			isa = PBXVariantGroup;
			children = (
				3F67D7741BD1E41F003D2F75 /* Base */,
			);
			name = Main.storyboard;
			sourceTree = "<group>";
		};
		3F67D7781BD1E41F003D2F75 /* LaunchScreen.xib */ = {
			isa = PBXVariantGroup;
			children = (
				3F67D7791BD1E41F003D2F75 /* Base */,
			);
			name = LaunchScreen.xib;
			sourceTree = "<group>";
		};
/* End PBXVariantGroup section */

/* Begin XCBuildConfiguration section */
		3F67D7871BD1E41F003D2F75 /* Debug */ = {
			isa = XCBuildConfiguration;
			buildSettings = {
				ALWAYS_SEARCH_USER_PATHS = NO;
				CLANG_CXX_LANGUAGE_STANDARD = "gnu++0x";
				CLANG_CXX_LIBRARY = "libc++";
				CLANG_ENABLE_MODULES = YES;
				CLANG_ENABLE_OBJC_ARC = YES;
				CLANG_WARN_BOOL_CONVERSION = YES;
				CLANG_WARN_CONSTANT_CONVERSION = YES;
				CLANG_WARN_DIRECT_OBJC_ISA_USAGE = YES_ERROR;
				CLANG_WARN_EMPTY_BODY = YES;
				CLANG_WARN_ENUM_CONVERSION = YES;
				CLANG_WARN_INT_CONVERSION = YES;
				CLANG_WARN_OBJC_ROOT_CLASS = YES_ERROR;
				CLANG_WARN_UNREACHABLE_CODE = YES;
				CLANG_WARN__DUPLICATE_METHOD_MATCH = YES;
				"CODE_SIGN_IDENTITY[sdk=iphoneos*]" = "iPhone Developer";
				COPY_PHASE_STRIP = NO;
				DEBUG_INFORMATION_FORMAT = "dwarf-with-dsym";
				ENABLE_STRICT_OBJC_MSGSEND = YES;
				ENABLE_TESTABILITY = YES;
				GCC_C_LANGUAGE_STANDARD = gnu99;
				GCC_DYNAMIC_NO_PIC = NO;
				GCC_NO_COMMON_BLOCKS = YES;
				GCC_OPTIMIZATION_LEVEL = 0;
				GCC_PREPROCESSOR_DEFINITIONS = (
					"DEBUG=1",
					"$(inherited)",
				);
				GCC_SYMBOLS_PRIVATE_EXTERN = NO;
				GCC_WARN_64_TO_32_BIT_CONVERSION = YES;
				GCC_WARN_ABOUT_RETURN_TYPE = YES_ERROR;
				GCC_WARN_UNDECLARED_SELECTOR = YES;
				GCC_WARN_UNINITIALIZED_AUTOS = YES_AGGRESSIVE;
				GCC_WARN_UNUSED_FUNCTION = YES;
				GCC_WARN_UNUSED_VARIABLE = YES;
				IPHONEOS_DEPLOYMENT_TARGET = 8.3;
				MTL_ENABLE_DEBUG_INFO = YES;
				ONLY_ACTIVE_ARCH = YES;
				SDKROOT = iphoneos;
			};
			name = Debug;
		};
		3F67D7881BD1E41F003D2F75 /* Release */ = {
			isa = XCBuildConfiguration;
			buildSettings = {
				ALWAYS_SEARCH_USER_PATHS = NO;
				CLANG_CXX_LANGUAGE_STANDARD = "gnu++0x";
				CLANG_CXX_LIBRARY = "libc++";
				CLANG_ENABLE_MODULES = YES;
				CLANG_ENABLE_OBJC_ARC = YES;
				CLANG_WARN_BOOL_CONVERSION = YES;
				CLANG_WARN_CONSTANT_CONVERSION = YES;
				CLANG_WARN_DIRECT_OBJC_ISA_USAGE = YES_ERROR;
				CLANG_WARN_EMPTY_BODY = YES;
				CLANG_WARN_ENUM_CONVERSION = YES;
				CLANG_WARN_INT_CONVERSION = YES;
				CLANG_WARN_OBJC_ROOT_CLASS = YES_ERROR;
				CLANG_WARN_UNREACHABLE_CODE = YES;
				CLANG_WARN__DUPLICATE_METHOD_MATCH = YES;
				"CODE_SIGN_IDENTITY[sdk=iphoneos*]" = "iPhone Developer";
				COPY_PHASE_STRIP = NO;
				DEBUG_INFORMATION_FORMAT = "dwarf-with-dsym";
				ENABLE_NS_ASSERTIONS = NO;
				ENABLE_STRICT_OBJC_MSGSEND = YES;
				GCC_C_LANGUAGE_STANDARD = gnu99;
				GCC_NO_COMMON_BLOCKS = YES;
				GCC_WARN_64_TO_32_BIT_CONVERSION = YES;
				GCC_WARN_ABOUT_RETURN_TYPE = YES_ERROR;
				GCC_WARN_UNDECLARED_SELECTOR = YES;
				GCC_WARN_UNINITIALIZED_AUTOS = YES_AGGRESSIVE;
				GCC_WARN_UNUSED_FUNCTION = YES;
				GCC_WARN_UNUSED_VARIABLE = YES;
				IPHONEOS_DEPLOYMENT_TARGET = 8.3;
				MTL_ENABLE_DEBUG_INFO = NO;
				SDKROOT = iphoneos;
				VALIDATE_PRODUCT = YES;
			};
			name = Release;
		};
		3F67D78A1BD1E41F003D2F75 /* Debug */ = {
			isa = XCBuildConfiguration;
			buildSettings = {
				ASSETCATALOG_COMPILER_APPICON_NAME = AppIcon;
				CODE_SIGN_IDENTITY = "iPhone Developer";
				"CODE_SIGN_IDENTITY[sdk=iphoneos*]" = "iPhone Developer";
				INFOPLIST_FILE = MUNCH/Info.plist;
				LD_RUNPATH_SEARCH_PATHS = "$(inherited) @executable_path/Frameworks";
				PRODUCT_BUNDLE_IDENTIFIER = com.sonoma.cs.www.MUNCH.XXX;
				PRODUCT_NAME = "$(TARGET_NAME)";
				PROVISIONING_PROFILE = "";
			};
			name = Debug;
		};
		3F67D78B1BD1E41F003D2F75 /* Release */ = {
			isa = XCBuildConfiguration;
			buildSettings = {
				ASSETCATALOG_COMPILER_APPICON_NAME = AppIcon;
				CODE_SIGN_IDENTITY = "iPhone Developer";
				"CODE_SIGN_IDENTITY[sdk=iphoneos*]" = "iPhone Developer";
				INFOPLIST_FILE = MUNCH/Info.plist;
				LD_RUNPATH_SEARCH_PATHS = "$(inherited) @executable_path/Frameworks";
				PRODUCT_BUNDLE_IDENTIFIER = com.sonoma.cs.www.MUNCH.XXX;
				PRODUCT_NAME = "$(TARGET_NAME)";
				PROVISIONING_PROFILE = "";
			};
			name = Release;
		};
		3F67D78D1BD1E41F003D2F75 /* Debug */ = {
			isa = XCBuildConfiguration;
			buildSettings = {
				BUNDLE_LOADER = "$(TEST_HOST)";
				FRAMEWORK_SEARCH_PATHS = (
					"$(SDKROOT)/Developer/Library/Frameworks",
					"$(inherited)",
				);
				GCC_PREPROCESSOR_DEFINITIONS = (
					"DEBUG=1",
					"$(inherited)",
				);
				INFOPLIST_FILE = MUNCHTests/Info.plist;
				LD_RUNPATH_SEARCH_PATHS = "$(inherited) @executable_path/Frameworks @loader_path/Frameworks";
				PRODUCT_BUNDLE_IDENTIFIER = "com.sonoma.cs.www.$(PRODUCT_NAME:rfc1034identifier)";
				PRODUCT_NAME = "$(TARGET_NAME)";
				TEST_HOST = "$(BUILT_PRODUCTS_DIR)/MUNCH.app/MUNCH";
			};
			name = Debug;
		};
		3F67D78E1BD1E41F003D2F75 /* Release */ = {
			isa = XCBuildConfiguration;
			buildSettings = {
				BUNDLE_LOADER = "$(TEST_HOST)";
				FRAMEWORK_SEARCH_PATHS = (
					"$(SDKROOT)/Developer/Library/Frameworks",
					"$(inherited)",
				);
				INFOPLIST_FILE = MUNCHTests/Info.plist;
				LD_RUNPATH_SEARCH_PATHS = "$(inherited) @executable_path/Frameworks @loader_path/Frameworks";
				PRODUCT_BUNDLE_IDENTIFIER = "com.sonoma.cs.www.$(PRODUCT_NAME:rfc1034identifier)";
				PRODUCT_NAME = "$(TARGET_NAME)";
				TEST_HOST = "$(BUILT_PRODUCTS_DIR)/MUNCH.app/MUNCH";
			};
			name = Release;
		};
/* End XCBuildConfiguration section */

/* Begin XCConfigurationList section */
		3F67D75E1BD1E41F003D2F75 /* Build configuration list for PBXProject "MUNCH" */ = {
			isa = XCConfigurationList;
			buildConfigurations = (
				3F67D7871BD1E41F003D2F75 /* Debug */,
				3F67D7881BD1E41F003D2F75 /* Release */,
			);
			defaultConfigurationIsVisible = 0;
			defaultConfigurationName = Release;
		};
		3F67D7891BD1E41F003D2F75 /* Build configuration list for PBXNativeTarget "MUNCH" */ = {
			isa = XCConfigurationList;
			buildConfigurations = (
				3F67D78A1BD1E41F003D2F75 /* Debug */,
				3F67D78B1BD1E41F003D2F75 /* Release */,
			);
			defaultConfigurationIsVisible = 0;
			defaultConfigurationName = Release;
		};
		3F67D78C1BD1E41F003D2F75 /* Build configuration list for PBXNativeTarget "MUNCHTests" */ = {
			isa = XCConfigurationList;
			buildConfigurations = (
				3F67D78D1BD1E41F003D2F75 /* Debug */,
				3F67D78E1BD1E41F003D2F75 /* Release */,
			);
			defaultConfigurationIsVisible = 0;
			defaultConfigurationName = Release;
		};
/* End XCConfigurationList section */

/* Begin XCVersionGroup section */
		3F67D76D1BD1E41F003D2F75 /* MUNCH.xcdatamodeld */ = {
			isa = XCVersionGroup;
			children = (
				3F67D76E1BD1E41F003D2F75 /* MUNCH.xcdatamodel */,
			);
			currentVersion = 3F67D76E1BD1E41F003D2F75 /* MUNCH.xcdatamodel */;
			path = MUNCH.xcdatamodeld;
			sourceTree = "<group>";
			versionGroupType = wrapper.xcdatamodel;
		};
/* End XCVersionGroup section */
	};
	rootObject = 3F67D75B1BD1E41F003D2F75 /* Project object */;
}
